<Solution>
  <Folder Name="/samples/">
    <Project Path="samples/QuickStart/QuickStart.csproj" />
  </Folder>
  <Folder Name="/src/">
    <Project Path="src/TypesafeSdk/TypesafeSdk.csproj" />
  </Folder>
  <Folder Name="/tests/">
    <Project Path="tests/TypesafeSdk.Tests/TypesafeSdk.Tests.csproj" />
  </Folder>
</Solution>
